<?xml version="1.0" encoding="utf-8"?>
<Project ToolsVersion="4.0" xmlns="http://schemas.microsoft.com/developer/msbuild/2003">
  <ItemGroup>
    <Filter Include="LXC_Exceptions">
      <UniqueIdentifier>{e0e00109-837a-4fdf-8d5e-bc5b26b55a43}</UniqueIdentifier>
    </Filter>
    <Filter Include="LXC_Logging">
      <UniqueIdentifier>{5cf9152d-d761-4369-80c0-3be04c54865d}</UniqueIdentifier>
    </Filter>
    <Filter Include="LXC_Signal">
      <UniqueIdentifier>{6082a0d2-9006-4946-947f-efdcbb273c1f}</UniqueIdentifier>
    </Filter>
    <Filter Include="LXC_System">
      <UniqueIdentifier>{a82b61ff-f86e-4dc8-a455-ea01ed611608}</UniqueIdentifier>
    </Filter>
    <Filter Include="LXC_System\windows">
      <UniqueIdentifier>{903d7df1-dc87-4f57-afde-a69486925dc3}</UniqueIdentifier>
    </Filter>
    <Filter Include="LXC_Timer">
      <UniqueIdentifier>{afc92d66-6eee-4588-a680-04745b0988fb}</UniqueIdentifier>
    </Filter>
  </ItemGroup>
  <ItemGroup>
    <ClInclude Include="LXC_Constants.h" />
    <ClInclude Include="LXC_Timer\LXC_CPUTimer.h">
      <Filter>LXC_Timer</Filter>
    </ClInclude>
    <ClInclude Include="LXC_System\LXC_OptimizationTranslator.h">
      <Filter>LXC_System</Filter>
    </ClInclude>
    <ClInclude Include="LXC_System\windows\LXC_WindowsDefinitions.h">
      <Filter>LXC_System\windows</Filter>
    </ClInclude>
    <ClInclude Include="LXC_Logging\LXC_Logging.h">
      <Filter>LXC_Logging</Filter>
    </ClInclude>
    <ClInclude Include="LXC_Logging\LXC_Logging_config.h">
      <Filter>LXC_Logging</Filter>
    </ClInclude>
    <ClInclude Include="LXC_Signal\LXC_WavLoader.h">
      <Filter>LXC_Signal</Filter>
    </ClInclude>
    <ClInclude Include="LXC_Signal\LXC_Resampler.h">
      <Filter>LXC_Signal</Filter>
    </ClInclude>
    <ClInclude Include="LXC_Exceptions\LXC_CException.h">
      <Filter>LXC_Exceptions</Filter>
    </ClInclude>
    <ClInclude Include="LXC_Exceptions\LXC_CExceptionCout.h">
      <Filter>LXC_Exceptions</Filter>
    </ClInclude>
  </ItemGroup>
  <ItemGroup>
    <ClCompile Include="LXC_Timer\LXC_CPUTimer.cpp">
      <Filter>LXC_Timer</Filter>
    </ClCompile>
    <ClCompile Include="LXC_System\LXC_OptimizationTranslator.cpp">
      <Filter>LXC_System</Filter>
    </ClCompile>
    <ClCompile Include="LXC_Logging\LXC_LoggingPrintf.cpp">
      <Filter>LXC_Logging</Filter>
    </ClCompile>
    <ClCompile Include="LXC_Logging\LXC_LoggingFile.cpp">
      <Filter>LXC_Logging</Filter>
    </ClCompile>
    <ClCompile Include="LXC_Signal\LXC_WavLoader.cpp">
      <Filter>LXC_Signal</Filter>
    </ClCompile>
    <ClCompile Include="LXC_Signal\LXC_Resampler.cpp">
      <Filter>LXC_Signal</Filter>
    </ClCompile>
    <ClCompile Include="LXC_Exceptions\LXC_CException.cpp">
      <Filter>LXC_Exceptions</Filter>
    </ClCompile>
    <ClCompile Include="LXC_Exceptions\LXC_CExceptionCout.cpp">
      <Filter>LXC_Exceptions</Filter>
    </ClCompile>
  </ItemGroup>
</Project>